
Microsoft Visual Studio Solution File, Format Version 12.00
# Visual Studio Version 17
VisualStudioVersion = 17.5.002.0
MinimumVisualStudioVersion = 10.0.40219.1
Project("{9A19103F-16F7-4668-BE54-9A1E7A4F7556}") = "fininsight_study", "fininsight_study.csproj", "{8468AB8A-8A4D-4B3C-A79A-939AC9CE038E}"
EndProject
Project("{FAE04EC0-301F-11D3-BF4B-00C04F79EFBC}") = "AngularStudy", "AngularStudy\AngularStudy.csproj", "{42494278-1F96-4323-8E54-B1F3EAB0B65D}"
EndProject
Global
	GlobalSection(SolutionConfigurationPlatforms) = preSolution
		Debug|Any CPU = Debug|Any CPU
		Release|Any CPU = Release|Any CPU
	EndGlobalSection
	GlobalSection(ProjectConfigurationPlatforms) = postSolution
		{8468AB8A-8A4D-4B3C-A79A-939AC9CE038E}.Debug|Any CPU.ActiveCfg = Debug|Any CPU
		{8468AB8A-8A4D-4B3C-A79A-939AC9CE038E}.Debug|Any CPU.Build.0 = Debug|Any CPU
		{8468AB8A-8A4D-4B3C-A79A-939AC9CE038E}.Release|Any CPU.ActiveCfg = Release|Any CPU
		{8468AB8A-8A4D-4B3C-A79A-939AC9CE038E}.Release|Any CPU.Build.0 = Release|Any CPU
		{42494278-1F96-4323-8E54-B1F3EAB0B65D}.Debug|Any CPU.ActiveCfg = Debug|Any CPU
		{42494278-1F96-4323-8E54-B1F3EAB0B65D}.Debug|Any CPU.Build.0 = Debug|Any CPU
		{42494278-1F96-4323-8E54-B1F3EAB0B65D}.Release|Any CPU.ActiveCfg = Release|Any CPU
		{42494278-1F96-4323-8E54-B1F3EAB0B65D}.Release|Any CPU.Build.0 = Release|Any CPU
	EndGlobalSection
	GlobalSection(SolutionProperties) = preSolution
		HideSolutionNode = FALSE
	EndGlobalSection
	GlobalSection(ExtensibilityGlobals) = postSolution
		SolutionGuid = {EBA949AB-D15C-4EF4-83D3-59CE29678818}
	EndGlobalSection
EndGlobal
